
Microsoft Visual Studio Solution File, Format Version 12.00
# Visual Studio Version 18
VisualStudioVersion = 18.3.11512.155
MinimumVisualStudioVersion = 10.0.40219.1
Project("{778DAE3C-4631-46EA-AA77-85C1314464D9}") = "NVIDIA Overlay", "NVIDIA Overlay.vbproj", "{47D8F77D-2B51-4033-BDDC-F3DD81079D6E}"
EndProject
Project("{F184B08F-C81C-45F6-A57F-5ABD9991F28F}") = "NVIDIA API", "..\API\NVIDIA API.vbproj", "{F7369117-4B71-950A-C4CB-D6E0D5E5A225}"
EndProject
Project("{F184B08F-C81C-45F6-A57F-5ABD9991F28F}") = "NVIDIA Experience", "..\App Experience\NVIDIA Experience.vbproj", "{A527F7B7-C35D-E8AB-8F4F-EEA41CA101FF}"
EndProject
Project("{F184B08F-C81C-45F6-A57F-5ABD9991F28F}") = "NVIDIA Notifier", "..\Notifier\NVIDIA Notifier.vbproj", "{26F262C5-0779-12EF-2119-F8A521A814E8}"
EndProject
Project("{F184B08F-C81C-45F6-A57F-5ABD9991F28F}") = "NVIDIA Capture", "..\Engine\NVIDIA Capture.vbproj", "{AF85BD81-55B6-44E8-BD61-81FDF22E0F98}"
EndProject
Project("{F184B08F-C81C-45F6-A57F-5ABD9991F28F}") = "CaptureEngine", "..\CaptureEngine\CaptureEngine.vbproj", "{6C7C0C3F-8142-4806-B1F3-7F216761F531}"
EndProject
Project("{F184B08F-C81C-45F6-A57F-5ABD9991F28F}") = "CaptureEngine.Video", "..\CaptureEngine.Video\CaptureEngine.Video.vbproj", "{BF20DECC-D8D4-4894-98C4-F0714CB037C0}"
EndProject
Project("{F184B08F-C81C-45F6-A57F-5ABD9991F28F}") = "CaptureEngine.Encoder", "..\CaptureEngine.Encoder\CaptureEngine.Encoder.vbproj", "{F7277073-E2DE-43A3-BC32-CE3CE0659125}"
EndProject
Project("{F184B08F-C81C-45F6-A57F-5ABD9991F28F}") = "CaptureEngine.Encoder.Nvenc", "..\CaptureEngine.Encoder.Nvenc\CaptureEngine.Encoder.Nvenc.vbproj", "{688BD02D-92C6-4019-9573-06C9C33A194F}"
EndProject
Project("{F184B08F-C81C-45F6-A57F-5ABD9991F28F}") = "CaptureEngine.Video.Ddagrab", "..\CaptureEngine.Video.Ddagrab\CaptureEngine.Video.Ddagrab.vbproj", "{909D84C6-CD5D-4C29-8AC8-B9210C9A981A}"
EndProject
Project("{F184B08F-C81C-45F6-A57F-5ABD9991F28F}") = "CaptureEngine.FFmpegBackend", "..\CaptureEngine.FFmpegBackend\CaptureEngine.FFmpegBackend.vbproj", "{E1B60EB4-8C63-4973-82C1-44A72154DFDB}"
EndProject
Project("{F184B08F-C81C-45F6-A57F-5ABD9991F28F}") = "CaptureEngine.Recording", "..\CaptureEngine.Recording\CaptureEngine.Recording.vbproj", "{D6E96EF9-8C34-41E2-9B25-C4949B8DFD92}"
EndProject
Project("{F184B08F-C81C-45F6-A57F-5ABD9991F28F}") = "CaptureEngine.Recording.ConsoleDriver", "..\CaptureEngine.Recording.ConsoleDriver\CaptureEngine.Recording.ConsoleDriver.vbproj", "{9A19006D-8C77-4BC2-AC7A-446B22CE4BBA}"
EndProject
Project("{F184B08F-C81C-45F6-A57F-5ABD9991F28F}") = "CaptureEngine.Recording.Tests", "..\CaptureEngine.Recording.Tests\CaptureEngine.Recording.Tests.vbproj", "{37FC60E3-FFAA-41EC-853C-1D35D9D58640}"
EndProject
Project("{F184B08F-C81C-45F6-A57F-5ABD9991F28F}") = "CaptureEngine.Tests", "..\CaptureEngine.Tests\CaptureEngine.Tests.vbproj", "{1B13E1E4-B0D7-4073-9DA1-AA0B8CFC5DBA}"
EndProject
Project("{F184B08F-C81C-45F6-A57F-5ABD9991F28F}") = "CaptureEngine.Video.Tests", "..\CaptureEngine.Video.Tests\CaptureEngine.Video.Tests.vbproj", "{72F3BCFA-F3D4-4FC2-B675-9E376D65120D}"
EndProject
Project("{F184B08F-C81C-45F6-A57F-5ABD9991F28F}") = "CaptureEngine.Encoder.Tests", "..\CaptureEngine.Encoder.Tests\CaptureEngine.Encoder.Tests.vbproj", "{364C416E-6749-430B-93A6-6253FBA56A7F}"
EndProject
Project("{F184B08F-C81C-45F6-A57F-5ABD9991F28F}") = "CaptureEngine.FFmpegTests", "..\CaptureEngine.FFmpegTests\CaptureEngine.FFmpegTests.vbproj", "{D63375A8-F14F-4789-B86E-6763CA29A275}"
EndProject
Project("{F184B08F-C81C-45F6-A57F-5ABD9991F28F}") = "CaptureEngine.FrameContractTests", "..\CaptureEngine.FrameContractTests\CaptureEngine.FrameContractTests.vbproj", "{41718949-D8BF-454D-97BA-E30D0CD0BFD1}"
EndProject
Project("{F184B08F-C81C-45F6-A57F-5ABD9991F28F}") = "CaptureEngine.ConfigTests", "..\CaptureEngine.ConfigTests\CaptureEngine.ConfigTests.vbproj", "{A89C17BD-4DD2-4861-B9BA-1CB757E5B763}"
EndProject
Project("{9A19103F-16F7-4668-BE54-9A1E7A4F7556}") = "CaptureEngine.Audio.Wasapi", "..\CaptureEngine.Audio.Wasapi\CaptureEngine.Audio.Wasapi.csproj", "{24F2E607-618D-40AC-8BEA-6BA0023F8EA2}"
EndProject
Global
        GlobalSection(SolutionConfigurationPlatforms) = preSolution
                Debug|Any CPU = Debug|Any CPU
                Debug|x64 = Debug|x64
                Release|Any CPU = Release|Any CPU
                Release|x64 = Release|x64
        EndGlobalSection
        GlobalSection(ProjectConfigurationPlatforms) = postSolution
                {47D8F77D-2B51-4033-BDDC-F3DD81079D6E}.Debug|Any CPU.ActiveCfg = Debug|Any CPU
                {47D8F77D-2B51-4033-BDDC-F3DD81079D6E}.Debug|Any CPU.Build.0 = Debug|Any CPU
                {47D8F77D-2B51-4033-BDDC-F3DD81079D6E}.Debug|x64.ActiveCfg = Debug|x64
                {47D8F77D-2B51-4033-BDDC-F3DD81079D6E}.Debug|x64.Build.0 = Debug|x64
                {47D8F77D-2B51-4033-BDDC-F3DD81079D6E}.Release|Any CPU.ActiveCfg = Release|Any CPU
                {47D8F77D-2B51-4033-BDDC-F3DD81079D6E}.Release|Any CPU.Build.0 = Release|Any CPU
                {47D8F77D-2B51-4033-BDDC-F3DD81079D6E}.Release|x64.ActiveCfg = Release|x64
                {47D8F77D-2B51-4033-BDDC-F3DD81079D6E}.Release|x64.Build.0 = Release|x64
                {F7369117-4B71-950A-C4CB-D6E0D5E5A225}.Debug|Any CPU.ActiveCfg = Debug|Any CPU
                {F7369117-4B71-950A-C4CB-D6E0D5E5A225}.Debug|Any CPU.Build.0 = Debug|Any CPU
                {F7369117-4B71-950A-C4CB-D6E0D5E5A225}.Debug|x64.ActiveCfg = Debug|x64
                {F7369117-4B71-950A-C4CB-D6E0D5E5A225}.Debug|x64.Build.0 = Debug|x64
                {F7369117-4B71-950A-C4CB-D6E0D5E5A225}.Release|Any CPU.ActiveCfg = Release|Any CPU
                {F7369117-4B71-950A-C4CB-D6E0D5E5A225}.Release|Any CPU.Build.0 = Release|Any CPU
                {F7369117-4B71-950A-C4CB-D6E0D5E5A225}.Release|x64.ActiveCfg = Release|x64
                {F7369117-4B71-950A-C4CB-D6E0D5E5A225}.Release|x64.Build.0 = Release|x64
                {A527F7B7-C35D-E8AB-8F4F-EEA41CA101FF}.Debug|Any CPU.ActiveCfg = Debug|Any CPU
                {A527F7B7-C35D-E8AB-8F4F-EEA41CA101FF}.Debug|Any CPU.Build.0 = Debug|Any CPU
                {A527F7B7-C35D-E8AB-8F4F-EEA41CA101FF}.Debug|x64.ActiveCfg = Debug|x64
                {A527F7B7-C35D-E8AB-8F4F-EEA41CA101FF}.Debug|x64.Build.0 = Debug|x64
                {A527F7B7-C35D-E8AB-8F4F-EEA41CA101FF}.Release|Any CPU.ActiveCfg = Release|Any CPU
                {A527F7B7-C35D-E8AB-8F4F-EEA41CA101FF}.Release|Any CPU.Build.0 = Release|Any CPU
                {A527F7B7-C35D-E8AB-8F4F-EEA41CA101FF}.Release|x64.ActiveCfg = Release|x64
                {A527F7B7-C35D-E8AB-8F4F-EEA41CA101FF}.Release|x64.Build.0 = Release|x64
                {26F262C5-0779-12EF-2119-F8A521A814E8}.Debug|Any CPU.ActiveCfg = Debug|Any CPU
                {26F262C5-0779-12EF-2119-F8A521A814E8}.Debug|Any CPU.Build.0 = Debug|Any CPU
                {26F262C5-0779-12EF-2119-F8A521A814E8}.Debug|x64.ActiveCfg = Debug|x64
                {26F262C5-0779-12EF-2119-F8A521A814E8}.Debug|x64.Build.0 = Debug|x64
                {26F262C5-0779-12EF-2119-F8A521A814E8}.Release|Any CPU.ActiveCfg = Release|Any CPU
                {26F262C5-0779-12EF-2119-F8A521A814E8}.Release|Any CPU.Build.0 = Release|Any CPU
                {26F262C5-0779-12EF-2119-F8A521A814E8}.Release|x64.ActiveCfg = Release|x64
                {26F262C5-0779-12EF-2119-F8A521A814E8}.Release|x64.Build.0 = Release|x64
                {AF85BD81-55B6-44E8-BD61-81FDF22E0F98}.Debug|Any CPU.ActiveCfg = Debug|Any CPU
                {AF85BD81-55B6-44E8-BD61-81FDF22E0F98}.Debug|Any CPU.Build.0 = Debug|Any CPU
                {AF85BD81-55B6-44E8-BD61-81FDF22E0F98}.Debug|x64.ActiveCfg = Debug|Any CPU
                {AF85BD81-55B6-44E8-BD61-81FDF22E0F98}.Debug|x64.Build.0 = Debug|Any CPU
                {AF85BD81-55B6-44E8-BD61-81FDF22E0F98}.Release|Any CPU.ActiveCfg = Release|Any CPU
                {AF85BD81-55B6-44E8-BD61-81FDF22E0F98}.Release|Any CPU.Build.0 = Release|Any CPU
                {AF85BD81-55B6-44E8-BD61-81FDF22E0F98}.Release|x64.ActiveCfg = Release|Any CPU
                {AF85BD81-55B6-44E8-BD61-81FDF22E0F98}.Release|x64.Build.0 = Release|Any CPU
                {6C7C0C3F-8142-4806-B1F3-7F216761F531}.Debug|Any CPU.ActiveCfg = Debug|Any CPU
                {6C7C0C3F-8142-4806-B1F3-7F216761F531}.Debug|Any CPU.Build.0 = Debug|Any CPU
                {6C7C0C3F-8142-4806-B1F3-7F216761F531}.Debug|x64.ActiveCfg = Debug|Any CPU
                {6C7C0C3F-8142-4806-B1F3-7F216761F531}.Debug|x64.Build.0 = Debug|Any CPU
                {6C7C0C3F-8142-4806-B1F3-7F216761F531}.Release|Any CPU.ActiveCfg = Release|Any CPU
                {6C7C0C3F-8142-4806-B1F3-7F216761F531}.Release|Any CPU.Build.0 = Release|Any CPU
                {6C7C0C3F-8142-4806-B1F3-7F216761F531}.Release|x64.ActiveCfg = Release|Any CPU
                {6C7C0C3F-8142-4806-B1F3-7F216761F531}.Release|x64.Build.0 = Release|Any CPU
                {BF20DECC-D8D4-4894-98C4-F0714CB037C0}.Debug|Any CPU.ActiveCfg = Debug|Any CPU
                {BF20DECC-D8D4-4894-98C4-F0714CB037C0}.Debug|Any CPU.Build.0 = Debug|Any CPU
                {BF20DECC-D8D4-4894-98C4-F0714CB037C0}.Debug|x64.ActiveCfg = Debug|Any CPU
                {BF20DECC-D8D4-4894-98C4-F0714CB037C0}.Debug|x64.Build.0 = Debug|Any CPU
                {BF20DECC-D8D4-4894-98C4-F0714CB037C0}.Release|Any CPU.ActiveCfg = Release|Any CPU
                {BF20DECC-D8D4-4894-98C4-F0714CB037C0}.Release|Any CPU.Build.0 = Release|Any CPU
                {BF20DECC-D8D4-4894-98C4-F0714CB037C0}.Release|x64.ActiveCfg = Release|Any CPU
                {BF20DECC-D8D4-4894-98C4-F0714CB037C0}.Release|x64.Build.0 = Release|Any CPU
                {F7277073-E2DE-43A3-BC32-CE3CE0659125}.Debug|Any CPU.ActiveCfg = Debug|Any CPU
                {F7277073-E2DE-43A3-BC32-CE3CE0659125}.Debug|Any CPU.Build.0 = Debug|Any CPU
                {F7277073-E2DE-43A3-BC32-CE3CE0659125}.Debug|x64.ActiveCfg = Debug|Any CPU
                {F7277073-E2DE-43A3-BC32-CE3CE0659125}.Debug|x64.Build.0 = Debug|Any CPU
                {F7277073-E2DE-43A3-BC32-CE3CE0659125}.Release|Any CPU.ActiveCfg = Release|Any CPU
                {F7277073-E2DE-43A3-BC32-CE3CE0659125}.Release|Any CPU.Build.0 = Release|Any CPU
                {F7277073-E2DE-43A3-BC32-CE3CE0659125}.Release|x64.ActiveCfg = Release|Any CPU
                {F7277073-E2DE-43A3-BC32-CE3CE0659125}.Release|x64.Build.0 = Release|Any CPU
                {688BD02D-92C6-4019-9573-06C9C33A194F}.Debug|Any CPU.ActiveCfg = Debug|Any CPU
                {688BD02D-92C6-4019-9573-06C9C33A194F}.Debug|Any CPU.Build.0 = Debug|Any CPU
                {688BD02D-92C6-4019-9573-06C9C33A194F}.Debug|x64.ActiveCfg = Debug|Any CPU
                {688BD02D-92C6-4019-9573-06C9C33A194F}.Debug|x64.Build.0 = Debug|Any CPU
                {688BD02D-92C6-4019-9573-06C9C33A194F}.Release|Any CPU.ActiveCfg = Release|Any CPU
                {688BD02D-92C6-4019-9573-06C9C33A194F}.Release|Any CPU.Build.0 = Release|Any CPU
                {688BD02D-92C6-4019-9573-06C9C33A194F}.Release|x64.ActiveCfg = Release|Any CPU
                {688BD02D-92C6-4019-9573-06C9C33A194F}.Release|x64.Build.0 = Release|Any CPU
                {909D84C6-CD5D-4C29-8AC8-B9210C9A981A}.Debug|Any CPU.ActiveCfg = Debug|Any CPU
                {909D84C6-CD5D-4C29-8AC8-B9210C9A981A}.Debug|Any CPU.Build.0 = Debug|Any CPU
                {909D84C6-CD5D-4C29-8AC8-B9210C9A981A}.Debug|x64.ActiveCfg = Debug|Any CPU
                {909D84C6-CD5D-4C29-8AC8-B9210C9A981A}.Debug|x64.Build.0 = Debug|Any CPU
                {909D84C6-CD5D-4C29-8AC8-B9210C9A981A}.Release|Any CPU.ActiveCfg = Release|Any CPU
                {909D84C6-CD5D-4C29-8AC8-B9210C9A981A}.Release|Any CPU.Build.0 = Release|Any CPU
                {909D84C6-CD5D-4C29-8AC8-B9210C9A981A}.Release|x64.ActiveCfg = Release|Any CPU
                {909D84C6-CD5D-4C29-8AC8-B9210C9A981A}.Release|x64.Build.0 = Release|Any CPU
                {E1B60EB4-8C63-4973-82C1-44A72154DFDB}.Debug|Any CPU.ActiveCfg = Debug|Any CPU
                {E1B60EB4-8C63-4973-82C1-44A72154DFDB}.Debug|Any CPU.Build.0 = Debug|Any CPU
                {E1B60EB4-8C63-4973-82C1-44A72154DFDB}.Debug|x64.ActiveCfg = Debug|Any CPU
                {E1B60EB4-8C63-4973-82C1-44A72154DFDB}.Debug|x64.Build.0 = Debug|Any CPU
                {E1B60EB4-8C63-4973-82C1-44A72154DFDB}.Release|Any CPU.ActiveCfg = Release|Any CPU
                {E1B60EB4-8C63-4973-82C1-44A72154DFDB}.Release|Any CPU.Build.0 = Release|Any CPU
                {E1B60EB4-8C63-4973-82C1-44A72154DFDB}.Release|x64.ActiveCfg = Release|Any CPU
                {E1B60EB4-8C63-4973-82C1-44A72154DFDB}.Release|x64.Build.0 = Release|Any CPU
                {D6E96EF9-8C34-41E2-9B25-C4949B8DFD92}.Debug|Any CPU.ActiveCfg = Debug|Any CPU
                {D6E96EF9-8C34-41E2-9B25-C4949B8DFD92}.Debug|Any CPU.Build.0 = Debug|Any CPU
                {D6E96EF9-8C34-41E2-9B25-C4949B8DFD92}.Debug|x64.ActiveCfg = Debug|Any CPU
                {D6E96EF9-8C34-41E2-9B25-C4949B8DFD92}.Debug|x64.Build.0 = Debug|Any CPU
                {D6E96EF9-8C34-41E2-9B25-C4949B8DFD92}.Release|Any CPU.ActiveCfg = Release|Any CPU
                {D6E96EF9-8C34-41E2-9B25-C4949B8DFD92}.Release|Any CPU.Build.0 = Release|Any CPU
                {D6E96EF9-8C34-41E2-9B25-C4949B8DFD92}.Release|x64.ActiveCfg = Release|Any CPU
                {D6E96EF9-8C34-41E2-9B25-C4949B8DFD92}.Release|x64.Build.0 = Release|Any CPU
                {9A19006D-8C77-4BC2-AC7A-446B22CE4BBA}.Debug|Any CPU.ActiveCfg = Debug|Any CPU
                {9A19006D-8C77-4BC2-AC7A-446B22CE4BBA}.Debug|Any CPU.Build.0 = Debug|Any CPU
                {9A19006D-8C77-4BC2-AC7A-446B22CE4BBA}.Debug|x64.ActiveCfg = Debug|Any CPU
                {9A19006D-8C77-4BC2-AC7A-446B22CE4BBA}.Debug|x64.Build.0 = Debug|Any CPU
                {9A19006D-8C77-4BC2-AC7A-446B22CE4BBA}.Release|Any CPU.ActiveCfg = Release|Any CPU
                {9A19006D-8C77-4BC2-AC7A-446B22CE4BBA}.Release|Any CPU.Build.0 = Release|Any CPU
                {9A19006D-8C77-4BC2-AC7A-446B22CE4BBA}.Release|x64.ActiveCfg = Release|Any CPU
                {9A19006D-8C77-4BC2-AC7A-446B22CE4BBA}.Release|x64.Build.0 = Release|Any CPU
                {37FC60E3-FFAA-41EC-853C-1D35D9D58640}.Debug|Any CPU.ActiveCfg = Debug|Any CPU
                {37FC60E3-FFAA-41EC-853C-1D35D9D58640}.Debug|Any CPU.Build.0 = Debug|Any CPU
                {37FC60E3-FFAA-41EC-853C-1D35D9D58640}.Debug|x64.ActiveCfg = Debug|Any CPU
                {37FC60E3-FFAA-41EC-853C-1D35D9D58640}.Debug|x64.Build.0 = Debug|Any CPU
                {37FC60E3-FFAA-41EC-853C-1D35D9D58640}.Release|Any CPU.ActiveCfg = Release|Any CPU
                {37FC60E3-FFAA-41EC-853C-1D35D9D58640}.Release|Any CPU.Build.0 = Release|Any CPU
                {37FC60E3-FFAA-41EC-853C-1D35D9D58640}.Release|x64.ActiveCfg = Release|Any CPU
                {37FC60E3-FFAA-41EC-853C-1D35D9D58640}.Release|x64.Build.0 = Release|Any CPU
                {1B13E1E4-B0D7-4073-9DA1-AA0B8CFC5DBA}.Debug|Any CPU.ActiveCfg = Debug|Any CPU
                {1B13E1E4-B0D7-4073-9DA1-AA0B8CFC5DBA}.Debug|Any CPU.Build.0 = Debug|Any CPU
                {1B13E1E4-B0D7-4073-9DA1-AA0B8CFC5DBA}.Debug|x64.ActiveCfg = Debug|Any CPU
                {1B13E1E4-B0D7-4073-9DA1-AA0B8CFC5DBA}.Debug|x64.Build.0 = Debug|Any CPU
                {1B13E1E4-B0D7-4073-9DA1-AA0B8CFC5DBA}.Release|Any CPU.ActiveCfg = Release|Any CPU
                {1B13E1E4-B0D7-4073-9DA1-AA0B8CFC5DBA}.Release|Any CPU.Build.0 = Release|Any CPU
                {1B13E1E4-B0D7-4073-9DA1-AA0B8CFC5DBA}.Release|x64.ActiveCfg = Release|Any CPU
                {1B13E1E4-B0D7-4073-9DA1-AA0B8CFC5DBA}.Release|x64.Build.0 = Release|Any CPU
                {72F3BCFA-F3D4-4FC2-B675-9E376D65120D}.Debug|Any CPU.ActiveCfg = Debug|Any CPU
                {72F3BCFA-F3D4-4FC2-B675-9E376D65120D}.Debug|Any CPU.Build.0 = Debug|Any CPU
                {72F3BCFA-F3D4-4FC2-B675-9E376D65120D}.Debug|x64.ActiveCfg = Debug|Any CPU
                {72F3BCFA-F3D4-4FC2-B675-9E376D65120D}.Debug|x64.Build.0 = Debug|Any CPU
                {72F3BCFA-F3D4-4FC2-B675-9E376D65120D}.Release|Any CPU.ActiveCfg = Release|Any CPU
                {72F3BCFA-F3D4-4FC2-B675-9E376D65120D}.Release|Any CPU.Build.0 = Release|Any CPU
                {72F3BCFA-F3D4-4FC2-B675-9E376D65120D}.Release|x64.ActiveCfg = Release|Any CPU
                {72F3BCFA-F3D4-4FC2-B675-9E376D65120D}.Release|x64.Build.0 = Release|Any CPU
                {364C416E-6749-430B-93A6-6253FBA56A7F}.Debug|Any CPU.ActiveCfg = Debug|Any CPU
                {364C416E-6749-430B-93A6-6253FBA56A7F}.Debug|Any CPU.Build.0 = Debug|Any CPU
                {364C416E-6749-430B-93A6-6253FBA56A7F}.Debug|x64.ActiveCfg = Debug|Any CPU
                {364C416E-6749-430B-93A6-6253FBA56A7F}.Debug|x64.Build.0 = Debug|Any CPU
                {364C416E-6749-430B-93A6-6253FBA56A7F}.Release|Any CPU.ActiveCfg = Release|Any CPU
                {364C416E-6749-430B-93A6-6253FBA56A7F}.Release|Any CPU.Build.0 = Release|Any CPU
                {364C416E-6749-430B-93A6-6253FBA56A7F}.Release|x64.ActiveCfg = Release|Any CPU
                {364C416E-6749-430B-93A6-6253FBA56A7F}.Release|x64.Build.0 = Release|Any CPU
                {D63375A8-F14F-4789-B86E-6763CA29A275}.Debug|Any CPU.ActiveCfg = Debug|Any CPU
                {D63375A8-F14F-4789-B86E-6763CA29A275}.Debug|Any CPU.Build.0 = Debug|Any CPU
                {D63375A8-F14F-4789-B86E-6763CA29A275}.Debug|x64.ActiveCfg = Debug|Any CPU
                {D63375A8-F14F-4789-B86E-6763CA29A275}.Debug|x64.Build.0 = Debug|Any CPU
                {D63375A8-F14F-4789-B86E-6763CA29A275}.Release|Any CPU.ActiveCfg = Release|Any CPU
                {D63375A8-F14F-4789-B86E-6763CA29A275}.Release|Any CPU.Build.0 = Release|Any CPU
                {D63375A8-F14F-4789-B86E-6763CA29A275}.Release|x64.ActiveCfg = Release|Any CPU
                {D63375A8-F14F-4789-B86E-6763CA29A275}.Release|x64.Build.0 = Release|Any CPU
                {41718949-D8BF-454D-97BA-E30D0CD0BFD1}.Debug|Any CPU.ActiveCfg = Debug|Any CPU
                {41718949-D8BF-454D-97BA-E30D0CD0BFD1}.Debug|Any CPU.Build.0 = Debug|Any CPU
                {41718949-D8BF-454D-97BA-E30D0CD0BFD1}.Debug|x64.ActiveCfg = Debug|Any CPU
                {41718949-D8BF-454D-97BA-E30D0CD0BFD1}.Debug|x64.Build.0 = Debug|Any CPU
                {41718949-D8BF-454D-97BA-E30D0CD0BFD1}.Release|Any CPU.ActiveCfg = Release|Any CPU
                {41718949-D8BF-454D-97BA-E30D0CD0BFD1}.Release|Any CPU.Build.0 = Release|Any CPU
                {41718949-D8BF-454D-97BA-E30D0CD0BFD1}.Release|x64.ActiveCfg = Release|Any CPU
                {41718949-D8BF-454D-97BA-E30D0CD0BFD1}.Release|x64.Build.0 = Release|Any CPU
                {A89C17BD-4DD2-4861-B9BA-1CB757E5B763}.Debug|Any CPU.ActiveCfg = Debug|Any CPU
                {A89C17BD-4DD2-4861-B9BA-1CB757E5B763}.Debug|Any CPU.Build.0 = Debug|Any CPU
                {A89C17BD-4DD2-4861-B9BA-1CB757E5B763}.Debug|x64.ActiveCfg = Debug|Any CPU
                {A89C17BD-4DD2-4861-B9BA-1CB757E5B763}.Debug|x64.Build.0 = Debug|Any CPU
                {A89C17BD-4DD2-4861-B9BA-1CB757E5B763}.Release|Any CPU.ActiveCfg = Release|Any CPU
                {A89C17BD-4DD2-4861-B9BA-1CB757E5B763}.Release|Any CPU.Build.0 = Release|Any CPU
                {A89C17BD-4DD2-4861-B9BA-1CB757E5B763}.Release|x64.ActiveCfg = Release|Any CPU
                {A89C17BD-4DD2-4861-B9BA-1CB757E5B763}.Release|x64.Build.0 = Release|Any CPU
                {24F2E607-618D-40AC-8BEA-6BA0023F8EA2}.Debug|Any CPU.ActiveCfg = Debug|Any CPU
                {24F2E607-618D-40AC-8BEA-6BA0023F8EA2}.Debug|Any CPU.Build.0 = Debug|Any CPU
                {24F2E607-618D-40AC-8BEA-6BA0023F8EA2}.Debug|x64.ActiveCfg = Debug|Any CPU
                {24F2E607-618D-40AC-8BEA-6BA0023F8EA2}.Debug|x64.Build.0 = Debug|Any CPU
                {24F2E607-618D-40AC-8BEA-6BA0023F8EA2}.Release|Any CPU.ActiveCfg = Release|Any CPU
                {24F2E607-618D-40AC-8BEA-6BA0023F8EA2}.Release|Any CPU.Build.0 = Release|Any CPU
                {24F2E607-618D-40AC-8BEA-6BA0023F8EA2}.Release|x64.ActiveCfg = Release|Any CPU
                {24F2E607-618D-40AC-8BEA-6BA0023F8EA2}.Release|x64.Build.0 = Release|Any CPU
        EndGlobalSection
        GlobalSection(SolutionProperties) = preSolution
                HideSolutionNode = FALSE
        EndGlobalSection
        GlobalSection(ExtensibilityGlobals) = postSolution
                SolutionGuid = {72233F80-1D6E-465E-B364-97BE1EED9A6C}
        EndGlobalSection
EndGlobal
